{
  "name": "medical-job-board",
  "lockfileVersion": 3,
  "requires": true,
  "packages": {
    "": {
      "dependencies": {
        "react-relay": "^18.2.0",
        "relay-runtime": "^18.2.0"
      },
      "devDependencies": {
        "@types/react-relay": "^16.0.6",
        "@types/relay-runtime": "^18.1.1",
        "eslint-plugin-relay": "^1.8.3",
        "relay-compiler": "^18.2.0"
      }
    },
    "node_modules/@babel/runtime": {
      "version": "7.26.0",
      "resolved": "https://registry.npmjs.org/@babel/runtime/-/runtime-7.26.0.tgz",
      "integrity": "sha512-FDSOghenHTiToteC/QRlv2q3DhPZ/oOXTBoirfWNx1Cx3TMVcGWQtMMmQcSvb/JjpNeGzx8Pq/b4fKEJuWm1sw==",
      "license": "MIT",
      "dependencies": {
        "regenerator-runtime": "^0.14.0"
      },
      "engines": {
        "node": ">=6.9.0"
      }
    },
    "node_modules/@types/prop-types": {
      "version": "15.7.13",
      "resolved": "https://registry.npmjs.org/@types/prop-types/-/prop-types-15.7.13.tgz",
      "integrity": "sha512-hCZTSvwbzWGvhqxp/RqVqwU999pBf2vp7hzIjiYOsl8wqOmUxkQ6ddw1cV3l8811+kdUFus/q4d1Y3E3SyEifA==",
      "dev": true,
      "license": "MIT"
    },
    "node_modules/@types/react": {
      "version": "18.3.12",
      "resolved": "https://registry.npmjs.org/@types/react/-/react-18.3.12.tgz",
      "integrity": "sha512-D2wOSq/d6Agt28q7rSI3jhU7G6aiuzljDGZ2hTZHIkrTLUI+AF3WMeKkEZ9nN2fkBAlcktT6vcZjDFiIhMYEQw==",
      "dev": true,
      "license": "MIT",
      "dependencies": {
        "@types/prop-types": "*",
        "csstype": "^3.0.2"
      }
    },
    "node_modules/@types/react-relay": {
      "version": "16.0.6",
      "resolved": "https://registry.npmjs.org/@types/react-relay/-/react-relay-16.0.6.tgz",
      "integrity": "sha512-VTntVQJhlwQYNUlbNgGf8RYy7EtQPRZqsD/w2Si0ygZspJXuNlVdRkklWMFN99EMRhHDpqlNHD8i3wIs7QRz9g==",
      "dev": true,
      "license": "MIT",
      "dependencies": {
        "@types/react": "*",
        "@types/relay-runtime": "*"
      }
    },
    "node_modules/@types/relay-runtime": {
      "version": "18.1.1",
      "resolved": "https://registry.npmjs.org/@types/relay-runtime/-/relay-runtime-18.1.1.tgz",
      "integrity": "sha512-gnMBe2Vh8Qji0vfUhbXE9ReM7aNFUDz0a9LZ84f/UbJmtCYE2kWnT14OwLDTJud8jp9rL/2+xKyABK5V7pUIHQ==",
      "dev": true,
      "license": "MIT"
    },
    "node_modules/asap": {
      "version": "2.0.6",
      "resolved": "https://registry.npmjs.org/asap/-/asap-2.0.6.tgz",
      "integrity": "sha512-BSHWgDSAiKs50o2Re8ppvp3seVHXSRM44cdSsT9FfNEUUZLOGWVCsiWaRPWM1Znn+mqZ1OfVZ3z3DWEzSp7hRA==",
      "license": "MIT"
    },
    "node_modules/cross-fetch": {
      "version": "3.1.8",
      "resolved": "https://registry.npmjs.org/cross-fetch/-/cross-fetch-3.1.8.tgz",
      "integrity": "sha512-cvA+JwZoU0Xq+h6WkMvAUqPEYy92Obet6UdKLfW60qn99ftItKjB5T+BkyWOFWe2pUyfQ+IJHmpOTznqk1M6Kg==",
      "license": "MIT",
      "dependencies": {
        "node-fetch": "^2.6.12"
      }
    },
    "node_modules/csstype": {
      "version": "3.1.3",
      "resolved": "https://registry.npmjs.org/csstype/-/csstype-3.1.3.tgz",
      "integrity": "sha512-M1uQkMl8rQK/szD0LNhtqxIPLpimGm8sOBwU7lLnCpSbTyY3yeU1Vc7l4KT5zT4s/yOxHH5O7tIuuLOCnLADRw==",
      "dev": true,
      "license": "MIT"
    },
    "node_modules/eslint-plugin-relay": {
      "version": "1.8.3",
      "resolved": "https://registry.npmjs.org/eslint-plugin-relay/-/eslint-plugin-relay-1.8.3.tgz",
      "integrity": "sha512-awyrwntUTZ7Z+lJUnniTCnJdZYr1dY2djQDARMx1P1y2BFMsBjtTljBK0lBEM7yiTHPBwVnE2OSnXxcD4yMb0A==",
      "dev": true,
      "license": "MIT",
      "dependencies": {
        "graphql": "^14.0.0 || ^15.0.0"
      }
    },
    "node_modules/fbjs": {
      "version": "3.0.5",
      "resolved": "https://registry.npmjs.org/fbjs/-/fbjs-3.0.5.tgz",
      "integrity": "sha512-ztsSx77JBtkuMrEypfhgc3cI0+0h+svqeie7xHbh1k/IKdcydnvadp/mUaGgjAOXQmQSxsqgaRhS3q9fy+1kxg==",
      "license": "MIT",
      "dependencies": {
        "cross-fetch": "^3.1.5",
        "fbjs-css-vars": "^1.0.0",
        "loose-envify": "^1.0.0",
        "object-assign": "^4.1.0",
        "promise": "^7.1.1",
        "setimmediate": "^1.0.5",
        "ua-parser-js": "^1.0.35"
      }
    },
    "node_modules/fbjs-css-vars": {
      "version": "1.0.2",
      "resolved": "https://registry.npmjs.org/fbjs-css-vars/-/fbjs-css-vars-1.0.2.tgz",
      "integrity": "sha512-b2XGFAFdWZWg0phtAWLHCk836A1Xann+I+Dgd3Gk64MHKZO44FfoD1KxyvbSh0qZsIoXQGGlVztIY+oitJPpRQ==",
      "license": "MIT"
    },
    "node_modules/graphql": {
      "version": "15.9.0",
      "resolved": "https://registry.npmjs.org/graphql/-/graphql-15.9.0.tgz",
      "integrity": "sha512-GCOQdvm7XxV1S4U4CGrsdlEN37245eC8P9zaYCMr6K1BG0IPGy5lUwmJsEOGyl1GD6HXjOtl2keCP9asRBwNvA==",
      "dev": true,
      "license": "MIT",
      "engines": {
        "node": ">= 10.x"
      }
    },
    "node_modules/invariant": {
      "version": "2.2.4",
      "resolved": "https://registry.npmjs.org/invariant/-/invariant-2.2.4.tgz",
      "integrity": "sha512-phJfQVBuaJM5raOpJjSfkiD6BpbCE4Ns//LaXl6wGYtUBY83nWS6Rf9tXm2e8VaK60JEjYldbPif/A2B1C2gNA==",
      "license": "MIT",
      "dependencies": {
        "loose-envify": "^1.0.0"
      }
    },
    "node_modules/js-tokens": {
      "version": "4.0.0",
      "resolved": "https://registry.npmjs.org/js-tokens/-/js-tokens-4.0.0.tgz",
      "integrity": "sha512-RdJUflcE3cUzKiMqQgsCu06FPu9UdIJO0beYbPhHN4k6apgJtifcoCtT9bcxOpYBtpD2kCM6Sbzg4CausW/PKQ==",
      "license": "MIT"
    },
    "node_modules/loose-envify": {
      "version": "1.4.0",
      "resolved": "https://registry.npmjs.org/loose-envify/-/loose-envify-1.4.0.tgz",
      "integrity": "sha512-lyuxPGr/Wfhrlem2CL/UcnUc1zcqKAImBDzukY7Y5F/yQiNdko6+fRLevlw1HgMySw7f611UIY408EtxRSoK3Q==",
      "license": "MIT",
      "dependencies": {
        "js-tokens": "^3.0.0 || ^4.0.0"
      },
      "bin": {
        "loose-envify": "cli.js"
      }
    },
    "node_modules/node-fetch": {
      "version": "2.7.0",
      "resolved": "https://registry.npmjs.org/node-fetch/-/node-fetch-2.7.0.tgz",
      "integrity": "sha512-c4FRfUm/dbcWZ7U+1Wq0AwCyFL+3nt2bEw05wfxSz+DWpWsitgmSgYmy2dQdWyKC1694ELPqMs/YzUSNozLt8A==",
      "license": "MIT",
      "dependencies": {
        "whatwg-url": "^5.0.0"
      },
      "engines": {
        "node": "4.x || >=6.0.0"
      },
      "peerDependencies": {
        "encoding": "^0.1.0"
      },
      "peerDependenciesMeta": {
        "encoding": {
          "optional": true
        }
      }
    },
    "node_modules/nullthrows": {
      "version": "1.1.1",
      "resolved": "https://registry.npmjs.org/nullthrows/-/nullthrows-1.1.1.tgz",
      "integrity": "sha512-2vPPEi+Z7WqML2jZYddDIfy5Dqb0r2fze2zTxNNknZaFpVHU3mFB3R+DWeJWGVx0ecvttSGlJTI+WG+8Z4cDWw==",
      "license": "MIT"
    },
    "node_modules/object-assign": {
      "version": "4.1.1",
      "resolved": "https://registry.npmjs.org/object-assign/-/object-assign-4.1.1.tgz",
      "integrity": "sha512-rJgTQnkUnH1sFw8yT6VSU3zD3sWmu6sZhIseY8VX+GRu3P6F7Fu+JNDoXfklElbLJSnc3FUQHVe4cU5hj+BcUg==",
      "license": "MIT",
      "engines": {
        "node": ">=0.10.0"
      }
    },
    "node_modules/promise": {
      "version": "7.3.1",
      "resolved": "https://registry.npmjs.org/promise/-/promise-7.3.1.tgz",
      "integrity": "sha512-nolQXZ/4L+bP/UGlkfaIujX9BKxGwmQ9OT4mOt5yvy8iK1h3wqTEJCijzGANTCCl9nWjY41juyAn2K3Q1hLLTg==",
      "license": "MIT",
      "dependencies": {
        "asap": "~2.0.3"
      }
    },
    "node_modules/react": {
      "version": "18.3.1",
      "resolved": "https://registry.npmjs.org/react/-/react-18.3.1.tgz",
      "integrity": "sha512-wS+hAgJShR0KhEvPJArfuPVN1+Hz1t0Y6n5jLrGQbkb4urgPE/0Rve+1kMB1v/oWgHgm4WIcV+i7F2pTVj+2iQ==",
      "license": "MIT",
      "peer": true,
      "dependencies": {
        "loose-envify": "^1.1.0"
      },
      "engines": {
        "node": ">=0.10.0"
      }
    },
    "node_modules/react-relay": {
      "version": "18.2.0",
      "resolved": "https://registry.npmjs.org/react-relay/-/react-relay-18.2.0.tgz",
      "integrity": "sha512-/yHlv4pj3IQQPtDzYLfVk6P4wrOSvYPu/5ySPcRp4xV3pn9xoVOHVczSLcZkRVf72lJu8CIjoT8rn3roaGoFyQ==",
      "license": "MIT",
      "dependencies": {
        "@babel/runtime": "^7.25.0",
        "fbjs": "^3.0.2",
        "invariant": "^2.2.4",
        "nullthrows": "^1.1.1",
        "relay-runtime": "18.2.0"
      },
      "peerDependencies": {
        "react": "^16.9.0 || ^17 || ^18"
      }
    },
    "node_modules/regenerator-runtime": {
      "version": "0.14.1",
      "resolved": "https://registry.npmjs.org/regenerator-runtime/-/regenerator-runtime-0.14.1.tgz",
      "integrity": "sha512-dYnhHh0nJoMfnkZs6GmmhFknAGRrLznOu5nc9ML+EJxGvrx6H7teuevqVqCuPcPK//3eDrrjQhehXVx9cnkGdw==",
      "license": "MIT"
    },
    "node_modules/relay-compiler": {
      "version": "18.2.0",
      "resolved": "https://registry.npmjs.org/relay-compiler/-/relay-compiler-18.2.0.tgz",
      "integrity": "sha512-P3o5/Gv/oLC9hckUaz/a+KvDgbFERpjtz5lgsJSIQILg9paaF3k1yaX9qSxErGuU4icZvjoK5G82a/bfPgGZpA==",
      "dev": true,
      "license": "MIT",
      "bin": {
        "relay-compiler": "cli.js"
      }
    },
    "node_modules/relay-runtime": {
      "version": "18.2.0",
      "resolved": "https://registry.npmjs.org/relay-runtime/-/relay-runtime-18.2.0.tgz",
      "integrity": "sha512-r4FYWlx1dPwFW+KQnuF1ugwVKR4toIFduCGheEf2paRc6nEEcCIgd2p2Jx2gRF+4niO3mCbRZvqdCoKaznUDzg==",
      "license": "MIT",
      "dependencies": {
        "@babel/runtime": "^7.25.0",
        "fbjs": "^3.0.2",
        "invariant": "^2.2.4"
      }
    },
    "node_modules/setimmediate": {
      "version": "1.0.5",
      "resolved": "https://registry.npmjs.org/setimmediate/-/setimmediate-1.0.5.tgz",
      "integrity": "sha512-MATJdZp8sLqDl/68LfQmbP8zKPLQNV6BIZoIgrscFDQ+RsvK/BxeDQOgyxKKoh0y/8h3BqVFnCqQ/gd+reiIXA==",
      "license": "MIT"
    },
    "node_modules/tr46": {
      "version": "0.0.3",
      "resolved": "https://registry.npmjs.org/tr46/-/tr46-0.0.3.tgz",
      "integrity": "sha512-N3WMsuqV66lT30CrXNbEjx4GEwlow3v6rr4mCcv6prnfwhS01rkgyFdjPNBYd9br7LpXV1+Emh01fHnq2Gdgrw==",
      "license": "MIT"
    },
    "node_modules/ua-parser-js": {
      "version": "1.0.39",
      "resolved": "https://registry.npmjs.org/ua-parser-js/-/ua-parser-js-1.0.39.tgz",
      "integrity": "sha512-k24RCVWlEcjkdOxYmVJgeD/0a1TiSpqLg+ZalVGV9lsnr4yqu0w7tX/x2xX6G4zpkgQnRf89lxuZ1wsbjXM8lw==",
      "funding": [
        {
          "type": "opencollective",
          "url": "https://opencollective.com/ua-parser-js"
        },
        {
          "type": "paypal",
          "url": "https://paypal.me/faisalman"
        },
        {
          "type": "github",
          "url": "https://github.com/sponsors/faisalman"
        }
      ],
      "license": "MIT",
      "bin": {
        "ua-parser-js": "script/cli.js"
      },
      "engines": {
        "node": "*"
      }
    },
    "node_modules/webidl-conversions": {
      "version": "3.0.1",
      "resolved": "https://registry.npmjs.org/webidl-conversions/-/webidl-conversions-3.0.1.tgz",
      "integrity": "sha512-2JAn3z8AR6rjK8Sm8orRC0h/bcl/DqL7tRPdGZ4I1CjdF+EaMLmYxBHyXuKL849eucPFhvBoxMsflfOb8kxaeQ==",
      "license": "BSD-2-Clause"
    },
    "node_modules/whatwg-url": {
      "version": "5.0.0",
      "resolved": "https://registry.npmjs.org/whatwg-url/-/whatwg-url-5.0.0.tgz",
      "integrity": "sha512-saE57nupxk6v3HY35+jzBwYa0rKSy0XR8JSxZPwgLr7ys0IBzhGviA1/TUGJLmSVqs8pb9AnvICXEuOHLprYTw==",
      "license": "MIT",
      "dependencies": {
        "tr46": "~0.0.3",
        "webidl-conversions": "^3.0.0"
      }
    }
  }
}
